// !$*UTF8*$!
{
	archiveVersion = 1;
	classes = {
	};
	objectVersion = 55;
	objects = {

/* Begin PBXBuildFile section */
		1894A02D2803D163002EBCC1 /* Main.storyboard in Resources */ = {isa = PBXBuildFile; fileRef = 1894A02B2803D163002EBCC1 /* Main.storyboard */; };
		18BAEF8928023E1A00D4517B /* AppDelegate.swift in Sources */ = {isa = PBXBuildFile; fileRef = 18BAEF8828023E1A00D4517B /* AppDelegate.swift */; };
		18BAEF8B28023E1A00D4517B /* SceneDelegate.swift in Sources */ = {isa = PBXBuildFile; fileRef = 18BAEF8A28023E1A00D4517B /* SceneDelegate.swift */; };
		18BAEF8D28023E1A00D4517B /* ViewController.swift in Sources */ = {isa = PBXBuildFile; fileRef = 18BAEF8C28023E1A00D4517B /* ViewController.swift */; };
		18BAEF9328023E1A00D4517B /* MarKevisWilliams_BeAround.xcdatamodeld in Sources */ = {isa = PBXBuildFile; fileRef = 18BAEF9128023E1A00D4517B /* MarKevisWilliams_BeAround.xcdatamodeld */; };
		18BAEF9528023E2200D4517B /* Assets.xcassets in Resources */ = {isa = PBXBuildFile; fileRef = 18BAEF9428023E2200D4517B /* Assets.xcassets */; };
		18BAEF9828023E2200D4517B /* LaunchScreen.storyboard in Resources */ = {isa = PBXBuildFile; fileRef = 18BAEF9628023E2200D4517B /* LaunchScreen.storyboard */; };
		18BAEFA02802437A00D4517B /* UIColorExtention.swift in Sources */ = {isa = PBXBuildFile; fileRef = 18BAEF9F2802437A00D4517B /* UIColorExtention.swift */; };
/* End PBXBuildFile section */

/* Begin PBXFileReference section */
		1894A02C2803D163002EBCC1 /* Base */ = {isa = PBXFileReference; lastKnownFileType = file.storyboard; name = Base; path = Base.lproj/Main.storyboard; sourceTree = "<group>"; };
		18BAEF8528023E1A00D4517B /* MarKevisWilliams_BeAround.app */ = {isa = PBXFileReference; explicitFileType = wrapper.application; includeInIndex = 0; path = MarKevisWilliams_BeAround.app; sourceTree = BUILT_PRODUCTS_DIR; };
		18BAEF8828023E1A00D4517B /* AppDelegate.swift */ = {isa = PBXFileReference; lastKnownFileType = sourcecode.swift; path = AppDelegate.swift; sourceTree = "<group>"; };
		18BAEF8A28023E1A00D4517B /* SceneDelegate.swift */ = {isa = PBXFileReference; lastKnownFileType = sourcecode.swift; path = SceneDelegate.swift; sourceTree = "<group>"; };
		18BAEF8C28023E1A00D4517B /* ViewController.swift */ = {isa = PBXFileReference; lastKnownFileType = sourcecode.swift; path = ViewController.swift; sourceTree = "<group>"; };
		18BAEF9228023E1A00D4517B /* MarKevisWilliams_BeAround.xcdatamodel */ = {isa = PBXFileReference; lastKnownFileType = wrapper.xcdatamodel; path = MarKevisWilliams_BeAround.xcdatamodel; sourceTree = "<group>"; };
		18BAEF9428023E2200D4517B /* Assets.xcassets */ = {isa = PBXFileReference; lastKnownFileType = folder.assetcatalog; path = Assets.xcassets; sourceTree = "<group>"; };
		18BAEF9728023E2200D4517B /* Base */ = {isa = PBXFileReference; lastKnownFileType = file.storyboard; name = Base; path = Base.lproj/LaunchScreen.storyboard; sourceTree = "<group>"; };
		18BAEF9928023E2200D4517B /* Info.plist */ = {isa = PBXFileReference; lastKnownFileType = text.plist.xml; path = Info.plist; sourceTree = "<group>"; };
		18BAEF9F2802437A00D4517B /* UIColorExtention.swift */ = {isa = PBXFileReference; lastKnownFileType = sourcecode.swift; path = UIColorExtention.swift; sourceTree = "<group>"; };
/* End PBXFileReference section */

/* Begin PBXFrameworksBuildPhase section */
		18BAEF8228023E1A00D4517B /* Frameworks */ = {
			isa = PBXFrameworksBuildPhase;
			buildActionMask = 2147483647;
			files = (
			);
			runOnlyForDeploymentPostprocessing = 0;
		};
/* End PBXFrameworksBuildPhase section */

/* Begin PBXGroup section */
		18BAEF7C28023E1A00D4517B = {
			isa = PBXGroup;
			children = (
				18BAEF8728023E1A00D4517B /* MarKevisWilliams_BeAround */,
				18BAEF8628023E1A00D4517B /* Products */,
			);
			sourceTree = "<group>";
		};
		18BAEF8628023E1A00D4517B /* Products */ = {
			isa = PBXGroup;
			children = (
				18BAEF8528023E1A00D4517B /* MarKevisWilliams_BeAround.app */,
			);
			name = Products;
			sourceTree = "<group>";
		};
		18BAEF8728023E1A00D4517B /* MarKevisWilliams_BeAround */ = {
			isa = PBXGroup;
			children = (
				1894A02B2803D163002EBCC1 /* Main.storyboard */,
				18BAEF8828023E1A00D4517B /* AppDelegate.swift */,
				18BAEF8A28023E1A00D4517B /* SceneDelegate.swift */,
				18BAEF8C28023E1A00D4517B /* ViewController.swift */,
				18BAEF9428023E2200D4517B /* Assets.xcassets */,
				18BAEF9628023E2200D4517B /* LaunchScreen.storyboard */,
				18BAEF9928023E2200D4517B /* Info.plist */,
				18BAEF9128023E1A00D4517B /* MarKevisWilliams_BeAround.xcdatamodeld */,
				18BAEF9F2802437A00D4517B /* UIColorExtention.swift */,
			);
			path = MarKevisWilliams_BeAround;
			sourceTree = "<group>";
		};
/* End PBXGroup section */

/* Begin PBXNativeTarget section */
		18BAEF8428023E1A00D4517B /* MarKevisWilliams_BeAround */ = {
			isa = PBXNativeTarget;
			buildConfigurationList = 18BAEF9C28023E2200D4517B /* Build configuration list for PBXNativeTarget "MarKevisWilliams_BeAround" */;
			buildPhases = (
				18BAEF8128023E1A00D4517B /* Sources */,
				18BAEF8228023E1A00D4517B /* Frameworks */,
				18BAEF8328023E1A00D4517B /* Resources */,
			);
			buildRules = (
			);
			dependencies = (
			);
			name = MarKevisWilliams_BeAround;
			productName = MarKevisWilliams_BeAround;
			productReference = 18BAEF8528023E1A00D4517B /* MarKevisWilliams_BeAround.app */;
			productType = "com.apple.product-type.application";
		};
/* End PBXNativeTarget section */

/* Begin PBXProject section */
		18BAEF7D28023E1A00D4517B /* Project object */ = {
			isa = PBXProject;
			attributes = {
				BuildIndependentTargetsInParallel = 1;
				LastSwiftUpdateCheck = 1320;
				LastUpgradeCheck = 1320;
				TargetAttributes = {
					18BAEF8428023E1A00D4517B = {
						CreatedOnToolsVersion = 13.2.1;
					};
				};
			};
			buildConfigurationList = 18BAEF8028023E1A00D4517B /* Build configuration list for PBXProject "MarKevisWilliams_BeAround" */;
			compatibilityVersion = "Xcode 13.0";
			developmentRegion = en;
			hasScannedForEncodings = 0;
			knownRegions = (
				en,
				Base,
			);
			mainGroup = 18BAEF7C28023E1A00D4517B;
			productRefGroup = 18BAEF8628023E1A00D4517B /* Products */;
			projectDirPath = "";
			projectRoot = "";
			targets = (
				18BAEF8428023E1A00D4517B /* MarKevisWilliams_BeAround */,
			);
		};
/* End PBXProject section */

/* Begin PBXResourcesBuildPhase section */
		18BAEF8328023E1A00D4517B /* Resources */ = {
			isa = PBXResourcesBuildPhase;
			buildActionMask = 2147483647;
			files = (
				1894A02D2803D163002EBCC1 /* Main.storyboard in Resources */,
				18BAEF9828023E2200D4517B /* LaunchScreen.storyboard in Resources */,
				18BAEF9528023E2200D4517B /* Assets.xcassets in Resources */,
			);
			runOnlyForDeploymentPostprocessing = 0;
		};
/* End PBXResourcesBuildPhase section */

/* Begin PBXSourcesBuildPhase section */
		18BAEF8128023E1A00D4517B /* Sources */ = {
			isa = PBXSourcesBuildPhase;
			buildActionMask = 2147483647;
			files = (
				18BAEF8D28023E1A00D4517B /* ViewController.swift in Sources */,
				18BAEF9328023E1A00D4517B /* MarKevisWilliams_BeAround.xcdatamodeld in Sources */,
				18BAEFA02802437A00D4517B /* UIColorExtention.swift in Sources */,
				18BAEF8928023E1A00D4517B /* AppDelegate.swift in Sources */,
				18BAEF8B28023E1A00D4517B /* SceneDelegate.swift in Sources */,
			);
			runOnlyForDeploymentPostprocessing = 0;
		};
/* End PBXSourcesBuildPhase section */

/* Begin PBXVariantGroup section */
		1894A02B2803D163002EBCC1 /* Main.storyboard */ = {
			isa = PBXVariantGroup;
			children = (
				1894A02C2803D163002EBCC1 /* Base */,
			);
			name = Main.storyboard;
			sourceTree = "<group>";
		};
		18BAEF9628023E2200D4517B /* LaunchScreen.storyboard */ = {
			isa = PBXVariantGroup;
			children = (
				18BAEF9728023E2200D4517B /* Base */,
			);
			name = LaunchScreen.storyboard;
			sourceTree = "<group>";
		};
/* End PBXVariantGroup section */

/* Begin XCBuildConfiguration section */
		18BAEF9A28023E2200D4517B /* Debug */ = {
			isa = XCBuildConfiguration;
			buildSettings = {
				ALWAYS_SEARCH_USER_PATHS = NO;
				CLANG_ANALYZER_NONNULL = YES;
				CLANG_ANALYZER_NUMBER_OBJECT_CONVERSION = YES_AGGRESSIVE;
				CLANG_CXX_LANGUAGE_STANDARD = "gnu++17";
				CLANG_CXX_LIBRARY = "libc++";
				CLANG_ENABLE_MODULES = YES;
				CLANG_ENABLE_OBJC_ARC = YES;
				CLANG_ENABLE_OBJC_WEAK = YES;
				CLANG_WARN_BLOCK_CAPTURE_AUTORELEASING = YES;
				CLANG_WARN_BOOL_CONVERSION = YES;
				CLANG_WARN_COMMA = YES;
				CLANG_WARN_CONSTANT_CONVERSION = YES;
				CLANG_WARN_DEPRECATED_OBJC_IMPLEMENTATIONS = YES;
				CLANG_WARN_DIRECT_OBJC_ISA_USAGE = YES_ERROR;
				CLANG_WARN_DOCUMENTATION_COMMENTS = YES;
				CLANG_WARN_EMPTY_BODY = YES;
				CLANG_WARN_ENUM_CONVERSION = YES;
				CLANG_WARN_INFINITE_RECURSION = YES;
				CLANG_WARN_INT_CONVERSION = YES;
				CLANG_WARN_NON_LITERAL_NULL_CONVERSION = YES;
				CLANG_WARN_OBJC_IMPLICIT_RETAIN_SELF = YES;
				CLANG_WARN_OBJC_LITERAL_CONVERSION = YES;
				CLANG_WARN_OBJC_ROOT_CLASS = YES_ERROR;
				CLANG_WARN_QUOTED_INCLUDE_IN_FRAMEWORK_HEADER = YES;
				CLANG_WARN_RANGE_LOOP_ANALYSIS = YES;
				CLANG_WARN_STRICT_PROTOTYPES = YES;
				CLANG_WARN_SUSPICIOUS_MOVE = YES;
				CLANG_WARN_UNGUARDED_AVAILABILITY = YES_AGGRESSIVE;
				CLANG_WARN_UNREACHABLE_CODE = YES;
				CLANG_WARN__DUPLICATE_METHOD_MATCH = YES;
				COPY_PHASE_STRIP = NO;
				DEBUG_INFORMATION_FORMAT = dwarf;
				ENABLE_STRICT_OBJC_MSGSEND = YES;
				ENABLE_TESTABILITY = YES;
				GCC_C_LANGUAGE_STANDARD = gnu11;
				GCC_DYNAMIC_NO_PIC = NO;
				GCC_NO_COMMON_BLOCKS = YES;
				GCC_OPTIMIZATION_LEVEL = 0;
				GCC_PREPROCESSOR_DEFINITIONS = (
					"DEBUG=1",
					"$(inherited)",
				);
				GCC_WARN_64_TO_32_BIT_CONVERSION = YES;
				GCC_WARN_ABOUT_RETURN_TYPE = YES_ERROR;
				GCC_WARN_UNDECLARED_SELECTOR = YES;
				GCC_WARN_UNINITIALIZED_AUTOS = YES_AGGRESSIVE;
				GCC_WARN_UNUSED_FUNCTION = YES;
				GCC_WARN_UNUSED_VARIABLE = YES;
				IPHONEOS_DEPLOYMENT_TARGET = 15.2;
				MTL_ENABLE_DEBUG_INFO = INCLUDE_SOURCE;
				MTL_FAST_MATH = YES;
				ONLY_ACTIVE_ARCH = YES;
				SDKROOT = iphoneos;
				SWIFT_ACTIVE_COMPILATION_CONDITIONS = DEBUG;
				SWIFT_OPTIMIZATION_LEVEL = "-Onone";
			};
			name = Debug;
		};
		18BAEF9B28023E2200D4517B /* Release */ = {
			isa = XCBuildConfiguration;
			buildSettings = {
				ALWAYS_SEARCH_USER_PATHS = NO;
				CLANG_ANALYZER_NONNULL = YES;
				CLANG_ANALYZER_NUMBER_OBJECT_CONVERSION = YES_AGGRESSIVE;
				CLANG_CXX_LANGUAGE_STANDARD = "gnu++17";
				CLANG_CXX_LIBRARY = "libc++";
				CLANG_ENABLE_MODULES = YES;
				CLANG_ENABLE_OBJC_ARC = YES;
				CLANG_ENABLE_OBJC_WEAK = YES;
				CLANG_WARN_BLOCK_CAPTURE_AUTORELEASING = YES;
				CLANG_WARN_BOOL_CONVERSION = YES;
				CLANG_WARN_COMMA = YES;
				CLANG_WARN_CONSTANT_CONVERSION = YES;
				CLANG_WARN_DEPRECATED_OBJC_IMPLEMENTATIONS = YES;
				CLANG_WARN_DIRECT_OBJC_ISA_USAGE = YES_ERROR;
				CLANG_WARN_DOCUMENTATION_COMMENTS = YES;
				CLANG_WARN_EMPTY_BODY = YES;
				CLANG_WARN_ENUM_CONVERSION = YES;
				CLANG_WARN_INFINITE_RECURSION = YES;
				CLANG_WARN_INT_CONVERSION = YES;
				CLANG_WARN_NON_LITERAL_NULL_CONVERSION = YES;
				CLANG_WARN_OBJC_IMPLICIT_RETAIN_SELF = YES;
				CLANG_WARN_OBJC_LITERAL_CONVERSION = YES;
				CLANG_WARN_OBJC_ROOT_CLASS = YES_ERROR;
				CLANG_WARN_QUOTED_INCLUDE_IN_FRAMEWORK_HEADER = YES;
				CLANG_WARN_RANGE_LOOP_ANALYSIS = YES;
				CLANG_WARN_STRICT_PROTOTYPES = YES;
				CLANG_WARN_SUSPICIOUS_MOVE = YES;
				CLANG_WARN_UNGUARDED_AVAILABILITY = YES_AGGRESSIVE;
				CLANG_WARN_UNREACHABLE_CODE = YES;
				CLANG_WARN__DUPLICATE_METHOD_MATCH = YES;
				COPY_PHASE_STRIP = NO;
				DEBUG_INFORMATION_FORMAT = "dwarf-with-dsym";
				ENABLE_NS_ASSERTIONS = NO;
				ENABLE_STRICT_OBJC_MSGSEND = YES;
				GCC_C_LANGUAGE_STANDARD = gnu11;
				GCC_NO_COMMON_BLOCKS = YES;
				GCC_WARN_64_TO_32_BIT_CONVERSION = YES;
				GCC_WARN_ABOUT_RETURN_TYPE = YES_ERROR;
				GCC_WARN_UNDECLARED_SELECTOR = YES;
				GCC_WARN_UNINITIALIZED_AUTOS = YES_AGGRESSIVE;
				GCC_WARN_UNUSED_FUNCTION = YES;
				GCC_WARN_UNUSED_VARIABLE = YES;
				IPHONEOS_DEPLOYMENT_TARGET = 15.2;
				MTL_ENABLE_DEBUG_INFO = NO;
				MTL_FAST_MATH = YES;
				SDKROOT = iphoneos;
				SWIFT_COMPILATION_MODE = wholemodule;
				SWIFT_OPTIMIZATION_LEVEL = "-O";
				VALIDATE_PRODUCT = YES;
			};
			name = Release;
		};
		18BAEF9D28023E2200D4517B /* Debug */ = {
			isa = XCBuildConfiguration;
			buildSettings = {
				ASSETCATALOG_COMPILER_APPICON_NAME = AppIcon;
				ASSETCATALOG_COMPILER_GLOBAL_ACCENT_COLOR_NAME = AccentColor;
				CODE_SIGN_STYLE = Automatic;
				CURRENT_PROJECT_VERSION = 1;
				DEVELOPMENT_TEAM = HFC3HDC93N;
				GENERATE_INFOPLIST_FILE = YES;
				INFOPLIST_FILE = MarKevisWilliams_BeAround/Info.plist;
				INFOPLIST_KEY_CFBundleDisplayName = BeAround;
				INFOPLIST_KEY_UIApplicationSupportsIndirectInputEvents = YES;
				INFOPLIST_KEY_UILaunchStoryboardName = LaunchScreen;
				INFOPLIST_KEY_UIMainStoryboardFile = Main;
				INFOPLIST_KEY_UISupportedInterfaceOrientations = UIInterfaceOrientationPortrait;
				INFOPLIST_KEY_UISupportedInterfaceOrientations_iPad = "UIInterfaceOrientationPortrait UIInterfaceOrientationPortraitUpsideDown UIInterfaceOrientationLandscapeLeft UIInterfaceOrientationLandscapeRight";
				INFOPLIST_KEY_UISupportedInterfaceOrientations_iPhone = "UIInterfaceOrientationPortrait UIInterfaceOrientationLandscapeLeft UIInterfaceOrientationLandscapeRight";
				IPHONEOS_DEPLOYMENT_TARGET = 15.2;
				LD_RUNPATH_SEARCH_PATHS = (
					"$(inherited)",
					"@executable_path/Frameworks",
				);
				MARKETING_VERSION = 1.0;
				PRODUCT_BUNDLE_IDENTIFIER = "markevis-williams.MarKevisWilliams-BeAround";
				PRODUCT_NAME = "$(TARGET_NAME)";
				SWIFT_EMIT_LOC_STRINGS = YES;
				SWIFT_VERSION = 5.0;
				TARGETED_DEVICE_FAMILY = 1;
			};
			name = Debug;
		};
		18BAEF9E28023E2200D4517B /* Release */ = {
			isa = XCBuildConfiguration;
			buildSettings = {
				ASSETCATALOG_COMPILER_APPICON_NAME = AppIcon;
				ASSETCATALOG_COMPILER_GLOBAL_ACCENT_COLOR_NAME = AccentColor;
				CODE_SIGN_STYLE = Automatic;
				CURRENT_PROJECT_VERSION = 1;
				DEVELOPMENT_TEAM = HFC3HDC93N;
				GENERATE_INFOPLIST_FILE = YES;
				INFOPLIST_FILE = MarKevisWilliams_BeAround/Info.plist;
				INFOPLIST_KEY_CFBundleDisplayName = BeAround;
				INFOPLIST_KEY_UIApplicationSupportsIndirectInputEvents = YES;
				INFOPLIST_KEY_UILaunchStoryboardName = LaunchScreen;
				INFOPLIST_KEY_UIMainStoryboardFile = Main;
				INFOPLIST_KEY_UISupportedInterfaceOrientations = UIInterfaceOrientationPortrait;
				INFOPLIST_KEY_UISupportedInterfaceOrientations_iPad = "UIInterfaceOrientationPortrait UIInterfaceOrientationPortraitUpsideDown UIInterfaceOrientationLandscapeLeft UIInterfaceOrientationLandscapeRight";
				INFOPLIST_KEY_UISupportedInterfaceOrientations_iPhone = "UIInterfaceOrientationPortrait UIInterfaceOrientationLandscapeLeft UIInterfaceOrientationLandscapeRight";
				IPHONEOS_DEPLOYMENT_TARGET = 15.2;
				LD_RUNPATH_SEARCH_PATHS = (
					"$(inherited)",
					"@executable_path/Frameworks",
				);
				MARKETING_VERSION = 1.0;
				PRODUCT_BUNDLE_IDENTIFIER = "markevis-williams.MarKevisWilliams-BeAround";
				PRODUCT_NAME = "$(TARGET_NAME)";
				SWIFT_EMIT_LOC_STRINGS = YES;
				SWIFT_VERSION = 5.0;
				TARGETED_DEVICE_FAMILY = 1;
			};
			name = Release;
		};
/* End XCBuildConfiguration section */

/* Begin XCConfigurationList section */
		18BAEF8028023E1A00D4517B /* Build configuration list for PBXProject "MarKevisWilliams_BeAround" */ = {
			isa = XCConfigurationList;
			buildConfigurations = (
				18BAEF9A28023E2200D4517B /* Debug */,
				18BAEF9B28023E2200D4517B /* Release */,
			);
			defaultConfigurationIsVisible = 0;
			defaultConfigurationName = Release;
		};
		18BAEF9C28023E2200D4517B /* Build configuration list for PBXNativeTarget "MarKevisWilliams_BeAround" */ = {
			isa = XCConfigurationList;
			buildConfigurations = (
				18BAEF9D28023E2200D4517B /* Debug */,
				18BAEF9E28023E2200D4517B /* Release */,
			);
			defaultConfigurationIsVisible = 0;
			defaultConfigurationName = Release;
		};
/* End XCConfigurationList section */

/* Begin XCVersionGroup section */
		18BAEF9128023E1A00D4517B /* MarKevisWilliams_BeAround.xcdatamodeld */ = {
			isa = XCVersionGroup;
			children = (
				18BAEF9228023E1A00D4517B /* MarKevisWilliams_BeAround.xcdatamodel */,
			);
			currentVersion = 18BAEF9228023E1A00D4517B /* MarKevisWilliams_BeAround.xcdatamodel */;
			path = MarKevisWilliams_BeAround.xcdatamodeld;
			sourceTree = "<group>";
			versionGroupType = wrapper.xcdatamodel;
		};
/* End XCVersionGroup section */
	};
	rootObject = 18BAEF7D28023E1A00D4517B /* Project object */;
}
